// !$*UTF8*$!
{
	archiveVersion = 1;
	classes = {
	};
	objectVersion = 48;
	objects = {

/* Begin PBXBuildFile section */
		387F9B241FA4ED5E00873DB7 /* Images in Resources */ = {isa = PBXBuildFile; fileRef = 387F9B231FA4ED5E00873DB7 /* Images */; };
		38E35FF71FA24FB1008297F9 /* AppDelegate.swift in Sources */ = {isa = PBXBuildFile; fileRef = 38E35FF61FA24FB1008297F9 /* AppDelegate.swift */; };
		38E35FF91FA24FB1008297F9 /* ViewController.swift in Sources */ = {isa = PBXBuildFile; fileRef = 38E35FF81FA24FB1008297F9 /* ViewController.swift */; };
		38E35FFB1FA24FB1008297F9 /* Assets.xcassets in Resources */ = {isa = PBXBuildFile; fileRef = 38E35FFA1FA24FB1008297F9 /* Assets.xcassets */; };
		38E35FFE1FA24FB1008297F9 /* Main.storyboard in Resources */ = {isa = PBXBuildFile; fileRef = 38E35FFC1FA24FB1008297F9 /* Main.storyboard */; };
/* End PBXBuildFile section */

/* Begin PBXFileReference section */
		387F9B231FA4ED5E00873DB7 /* Images */ = {isa = PBXFileReference; lastKnownFileType = folder; path = Images; sourceTree = "<group>"; };
		387F9B251FA4ED9800873DB7 /* Wallpaper AI.entitlements */ = {isa = PBXFileReference; lastKnownFileType = text.plist.entitlements; path = "Wallpaper AI.entitlements"; sourceTree = "<group>"; };
		38E35FF31FA24FB1008297F9 /* Wallpaper AI.app */ = {isa = PBXFileReference; explicitFileType = wrapper.application; includeInIndex = 0; path = "Wallpaper AI.app"; sourceTree = BUILT_PRODUCTS_DIR; };
		38E35FF61FA24FB1008297F9 /* AppDelegate.swift */ = {isa = PBXFileReference; lastKnownFileType = sourcecode.swift; path = AppDelegate.swift; sourceTree = "<group>"; };
		38E35FF81FA24FB1008297F9 /* ViewController.swift */ = {isa = PBXFileReference; lastKnownFileType = sourcecode.swift; path = ViewController.swift; sourceTree = "<group>"; };
		38E35FFA1FA24FB1008297F9 /* Assets.xcassets */ = {isa = PBXFileReference; lastKnownFileType = folder.assetcatalog; path = Assets.xcassets; sourceTree = "<group>"; };
		38E35FFD1FA24FB1008297F9 /* Base */ = {isa = PBXFileReference; lastKnownFileType = file.storyboard; name = Base; path = Base.lproj/Main.storyboard; sourceTree = "<group>"; };
		38E35FFF1FA24FB1008297F9 /* Info.plist */ = {isa = PBXFileReference; lastKnownFileType = text.plist.xml; path = Info.plist; sourceTree = "<group>"; };
		38E360001FA24FB1008297F9 /* Wallpaper_AI.entitlements */ = {isa = PBXFileReference; lastKnownFileType = text.plist.entitlements; path = Wallpaper_AI.entitlements; sourceTree = "<group>"; };
/* End PBXFileReference section */

/* Begin PBXFrameworksBuildPhase section */
		38E35FF01FA24FB1008297F9 /* Frameworks */ = {
			isa = PBXFrameworksBuildPhase;
			buildActionMask = 2147483647;
			files = (
			);
			runOnlyForDeploymentPostprocessing = 0;
		};
/* End PBXFrameworksBuildPhase section */

/* Begin PBXGroup section */
		38E35FEA1FA24FB1008297F9 = {
			isa = PBXGroup;
			children = (
				38E35FF51FA24FB1008297F9 /* Wallpaper AI */,
				38E35FF41FA24FB1008297F9 /* Products */,
			);
			sourceTree = "<group>";
		};
		38E35FF41FA24FB1008297F9 /* Products */ = {
			isa = PBXGroup;
			children = (
				38E35FF31FA24FB1008297F9 /* Wallpaper AI.app */,
			);
			name = Products;
			sourceTree = "<group>";
		};
		38E35FF51FA24FB1008297F9 /* Wallpaper AI */ = {
			isa = PBXGroup;
			children = (
				387F9B251FA4ED9800873DB7 /* Wallpaper AI.entitlements */,
				387F9B231FA4ED5E00873DB7 /* Images */,
				38E35FF61FA24FB1008297F9 /* AppDelegate.swift */,
				38E35FF81FA24FB1008297F9 /* ViewController.swift */,
				38E35FFA1FA24FB1008297F9 /* Assets.xcassets */,
				38E35FFC1FA24FB1008297F9 /* Main.storyboard */,
				38E35FFF1FA24FB1008297F9 /* Info.plist */,
				38E360001FA24FB1008297F9 /* Wallpaper_AI.entitlements */,
			);
			path = "Wallpaper AI";
			sourceTree = "<group>";
		};
/* End PBXGroup section */

/* Begin PBXNativeTarget section */
		38E35FF21FA24FB1008297F9 /* Wallpaper AI */ = {
			isa = PBXNativeTarget;
			buildConfigurationList = 38E360031FA24FB1008297F9 /* Build configuration list for PBXNativeTarget "Wallpaper AI" */;
			buildPhases = (
				38E35FEF1FA24FB1008297F9 /* Sources */,
				38E35FF01FA24FB1008297F9 /* Frameworks */,
				38E35FF11FA24FB1008297F9 /* Resources */,
			);
			buildRules = (
			);
			dependencies = (
			);
			name = "Wallpaper AI";
			productName = "Wallpaper AI";
			productReference = 38E35FF31FA24FB1008297F9 /* Wallpaper AI.app */;
			productType = "com.apple.product-type.application";
		};
/* End PBXNativeTarget section */

/* Begin PBXProject section */
		38E35FEB1FA24FB1008297F9 /* Project object */ = {
			isa = PBXProject;
			attributes = {
				LastSwiftUpdateCheck = 0900;
				LastUpgradeCheck = 0900;
				ORGANIZATIONNAME = MindFuzz;
				TargetAttributes = {
					38E35FF21FA24FB1008297F9 = {
						CreatedOnToolsVersion = 9.0;
						ProvisioningStyle = Automatic;
						SystemCapabilities = {
							com.apple.Sandbox = {
								enabled = 1;
							};
						};
					};
				};
			};
			buildConfigurationList = 38E35FEE1FA24FB1008297F9 /* Build configuration list for PBXProject "Wallpaper AI" */;
			compatibilityVersion = "Xcode 8.0";
			developmentRegion = en;
			hasScannedForEncodings = 0;
			knownRegions = (
				en,
				Base,
			);
			mainGroup = 38E35FEA1FA24FB1008297F9;
			productRefGroup = 38E35FF41FA24FB1008297F9 /* Products */;
			projectDirPath = "";
			projectRoot = "";
			targets = (
				38E35FF21FA24FB1008297F9 /* Wallpaper AI */,
			);
		};
/* End PBXProject section */

/* Begin PBXResourcesBuildPhase section */
		38E35FF11FA24FB1008297F9 /* Resources */ = {
			isa = PBXResourcesBuildPhase;
			buildActionMask = 2147483647;
			files = (
				38E35FFB1FA24FB1008297F9 /* Assets.xcassets in Resources */,
				387F9B241FA4ED5E00873DB7 /* Images in Resources */,
				38E35FFE1FA24FB1008297F9 /* Main.storyboard in Resources */,
			);
			runOnlyForDeploymentPostprocessing = 0;
		};
/* End PBXResourcesBuildPhase section */

/* Begin PBXSourcesBuildPhase section */
		38E35FEF1FA24FB1008297F9 /* Sources */ = {
			isa = PBXSourcesBuildPhase;
			buildActionMask = 2147483647;
			files = (
				38E35FF91FA24FB1008297F9 /* ViewController.swift in Sources */,
				38E35FF71FA24FB1008297F9 /* AppDelegate.swift in Sources */,
			);
			runOnlyForDeploymentPostprocessing = 0;
		};
/* End PBXSourcesBuildPhase section */

/* Begin PBXVariantGroup section */
		38E35FFC1FA24FB1008297F9 /* Main.storyboard */ = {
			isa = PBXVariantGroup;
			children = (
				38E35FFD1FA24FB1008297F9 /* Base */,
			);
			name = Main.storyboard;
			sourceTree = "<group>";
		};
/* End PBXVariantGroup section */

/* Begin XCBuildConfiguration section */
		38E360011FA24FB1008297F9 /* Debug */ = {
			isa = XCBuildConfiguration;
			buildSettings = {
				ALWAYS_SEARCH_USER_PATHS = NO;
				CLANG_ANALYZER_NONNULL = YES;
				CLANG_ANALYZER_NUMBER_OBJECT_CONVERSION = YES_AGGRESSIVE;
				CLANG_CXX_LANGUAGE_STANDARD = "gnu++14";
				CLANG_CXX_LIBRARY = "libc++";
				CLANG_ENABLE_MODULES = YES;
				CLANG_ENABLE_OBJC_ARC = YES;
				CLANG_WARN_BLOCK_CAPTURE_AUTORELEASING = YES;
				CLANG_WARN_BOOL_CONVERSION = YES;
				CLANG_WARN_COMMA = YES;
				CLANG_WARN_CONSTANT_CONVERSION = YES;
				CLANG_WARN_DIRECT_OBJC_ISA_USAGE = YES_ERROR;
				CLANG_WARN_DOCUMENTATION_COMMENTS = YES;
				CLANG_WARN_EMPTY_BODY = YES;
				CLANG_WARN_ENUM_CONVERSION = YES;
				CLANG_WARN_INFINITE_RECURSION = YES;
				CLANG_WARN_INT_CONVERSION = YES;
				CLANG_WARN_NON_LITERAL_NULL_CONVERSION = YES;
				CLANG_WARN_OBJC_LITERAL_CONVERSION = YES;
				CLANG_WARN_OBJC_ROOT_CLASS = YES_ERROR;
				CLANG_WARN_RANGE_LOOP_ANALYSIS = YES;
				CLANG_WARN_STRICT_PROTOTYPES = YES;
				CLANG_WARN_SUSPICIOUS_MOVE = YES;
				CLANG_WARN_UNGUARDED_AVAILABILITY = YES_AGGRESSIVE;
				CLANG_WARN_UNREACHABLE_CODE = YES;
				CLANG_WARN__DUPLICATE_METHOD_MATCH = YES;
				CODE_SIGN_IDENTITY = "Mac Developer";
				COPY_PHASE_STRIP = NO;
				DEBUG_INFORMATION_FORMAT = dwarf;
				ENABLE_STRICT_OBJC_MSGSEND = YES;
				ENABLE_TESTABILITY = YES;
				GCC_C_LANGUAGE_STANDARD = gnu11;
				GCC_DYNAMIC_NO_PIC = NO;
				GCC_NO_COMMON_BLOCKS = YES;
				GCC_OPTIMIZATION_LEVEL = 0;
				GCC_PREPROCESSOR_DEFINITIONS = (
					"DEBUG=1",
					"$(inherited)",
				);
				GCC_WARN_64_TO_32_BIT_CONVERSION = YES;
				GCC_WARN_ABOUT_RETURN_TYPE = YES_ERROR;
				GCC_WARN_UNDECLARED_SELECTOR = YES;
				GCC_WARN_UNINITIALIZED_AUTOS = YES_AGGRESSIVE;
				GCC_WARN_UNUSED_FUNCTION = YES;
				GCC_WARN_UNUSED_VARIABLE = YES;
				MACOSX_DEPLOYMENT_TARGET = 10.13;
				MTL_ENABLE_DEBUG_INFO = YES;
				ONLY_ACTIVE_ARCH = YES;
				SDKROOT = macosx;
				SWIFT_ACTIVE_COMPILATION_CONDITIONS = DEBUG;
				SWIFT_OPTIMIZATION_LEVEL = "-Onone";
			};
			name = Debug;
		};
		38E360021FA24FB1008297F9 /* Release */ = {
			isa = XCBuildConfiguration;
			buildSettings = {
				ALWAYS_SEARCH_USER_PATHS = NO;
				CLANG_ANALYZER_NONNULL = YES;
				CLANG_ANALYZER_NUMBER_OBJECT_CONVERSION = YES_AGGRESSIVE;
				CLANG_CXX_LANGUAGE_STANDARD = "gnu++14";
				CLANG_CXX_LIBRARY = "libc++";
				CLANG_ENABLE_MODULES = YES;
				CLANG_ENABLE_OBJC_ARC = YES;
				CLANG_WARN_BLOCK_CAPTURE_AUTORELEASING = YES;
				CLANG_WARN_BOOL_CONVERSION = YES;
				CLANG_WARN_COMMA = YES;
				CLANG_WARN_CONSTANT_CONVERSION = YES;
				CLANG_WARN_DIRECT_OBJC_ISA_USAGE = YES_ERROR;
				CLANG_WARN_DOCUMENTATION_COMMENTS = YES;
				CLANG_WARN_EMPTY_BODY = YES;
				CLANG_WARN_ENUM_CONVERSION = YES;
				CLANG_WARN_INFINITE_RECURSION = YES;
				CLANG_WARN_INT_CONVERSION = YES;
				CLANG_WARN_NON_LITERAL_NULL_CONVERSION = YES;
				CLANG_WARN_OBJC_LITERAL_CONVERSION = YES;
				CLANG_WARN_OBJC_ROOT_CLASS = YES_ERROR;
				CLANG_WARN_RANGE_LOOP_ANALYSIS = YES;
				CLANG_WARN_STRICT_PROTOTYPES = YES;
				CLANG_WARN_SUSPICIOUS_MOVE = YES;
				CLANG_WARN_UNGUARDED_AVAILABILITY = YES_AGGRESSIVE;
				CLANG_WARN_UNREACHABLE_CODE = YES;
				CLANG_WARN__DUPLICATE_METHOD_MATCH = YES;
				CODE_SIGN_IDENTITY = "Mac Developer";
				COPY_PHASE_STRIP = NO;
				DEBUG_INFORMATION_FORMAT = "dwarf-with-dsym";
				ENABLE_NS_ASSERTIONS = NO;
				ENABLE_STRICT_OBJC_MSGSEND = YES;
				GCC_C_LANGUAGE_STANDARD = gnu11;
				GCC_NO_COMMON_BLOCKS = YES;
				GCC_WARN_64_TO_32_BIT_CONVERSION = YES;
				GCC_WARN_ABOUT_RETURN_TYPE = YES_ERROR;
				GCC_WARN_UNDECLARED_SELECTOR = YES;
				GCC_WARN_UNINITIALIZED_AUTOS = YES_AGGRESSIVE;
				GCC_WARN_UNUSED_FUNCTION = YES;
				GCC_WARN_UNUSED_VARIABLE = YES;
				MACOSX_DEPLOYMENT_TARGET = 10.13;
				MTL_ENABLE_DEBUG_INFO = NO;
				SDKROOT = macosx;
				SWIFT_OPTIMIZATION_LEVEL = "-Owholemodule";
			};
			name = Release;
		};
		38E360041FA24FB1008297F9 /* Debug */ = {
			isa = XCBuildConfiguration;
			buildSettings = {
				ASSETCATALOG_COMPILER_APPICON_NAME = AppIcon;
				CODE_SIGN_ENTITLEMENTS = "Wallpaper AI/Wallpaper AI.entitlements";
				CODE_SIGN_STYLE = Automatic;
				COMBINE_HIDPI_IMAGES = YES;
				DEVELOPMENT_TEAM = QPE3Z4TZSJ;
				INFOPLIST_FILE = "Wallpaper AI/Info.plist";
				LD_RUNPATH_SEARCH_PATHS = "$(inherited) @executable_path/../Frameworks";
				PRODUCT_BUNDLE_IDENTIFIER = "in.mindfuzz.Wallpaper-AI";
				PRODUCT_NAME = "$(TARGET_NAME)";
				SWIFT_VERSION = 4.0;
			};
			name = Debug;
		};
		38E360051FA24FB1008297F9 /* Release */ = {
			isa = XCBuildConfiguration;
			buildSettings = {
				ASSETCATALOG_COMPILER_APPICON_NAME = AppIcon;
				CODE_SIGN_ENTITLEMENTS = "Wallpaper AI/Wallpaper AI.entitlements";
				CODE_SIGN_STYLE = Automatic;
				COMBINE_HIDPI_IMAGES = YES;
				DEVELOPMENT_TEAM = QPE3Z4TZSJ;
				INFOPLIST_FILE = "Wallpaper AI/Info.plist";
				LD_RUNPATH_SEARCH_PATHS = "$(inherited) @executable_path/../Frameworks";
				PRODUCT_BUNDLE_IDENTIFIER = "in.mindfuzz.Wallpaper-AI";
				PRODUCT_NAME = "$(TARGET_NAME)";
				SWIFT_VERSION = 4.0;
			};
			name = Release;
		};
/* End XCBuildConfiguration section */

/* Begin XCConfigurationList section */
		38E35FEE1FA24FB1008297F9 /* Build configuration list for PBXProject "Wallpaper AI" */ = {
			isa = XCConfigurationList;
			buildConfigurations = (
				38E360011FA24FB1008297F9 /* Debug */,
				38E360021FA24FB1008297F9 /* Release */,
			);
			defaultConfigurationIsVisible = 0;
			defaultConfigurationName = Release;
		};
		38E360031FA24FB1008297F9 /* Build configuration list for PBXNativeTarget "Wallpaper AI" */ = {
			isa = XCConfigurationList;
			buildConfigurations = (
				38E360041FA24FB1008297F9 /* Debug */,
				38E360051FA24FB1008297F9 /* Release */,
			);
			defaultConfigurationIsVisible = 0;
			defaultConfigurationName = Release;
		};
/* End XCConfigurationList section */
	};
	rootObject = 38E35FEB1FA24FB1008297F9 /* Project object */;
}
